
Microsoft Visual Studio Solution File, Format Version 12.00
# Visual Studio Version 17
VisualStudioVersion = 17.0.31903.59
MinimumVisualStudioVersion = 10.0.40219.1
Project("{FAE04EC0-301F-11D3-BF4B-00C04F79EFBC}") = "StudentReportCardGenerator", "StudentReportCardGenerator\StudentReportCardGenerator.csproj", "{4148BA19-A781-40D7-A0F9-9C0F120681F4}"
EndProject
Project("{FAE04EC0-301F-11D3-BF4B-00C04F79EFBC}") = "SimpleCalculatorApp", "SimpleCalculatorApp\SimpleCalculatorApp.csproj", "{5ABA137F-2A37-4C42-BA66-CAAB882EA4DA}"
EndProject
Global
	GlobalSection(SolutionConfigurationPlatforms) = preSolution
		Debug|Any CPU = Debug|Any CPU
		Release|Any CPU = Release|Any CPU
	EndGlobalSection
	GlobalSection(ProjectConfigurationPlatforms) = postSolution
		{4148BA19-A781-40D7-A0F9-9C0F120681F4}.Debug|Any CPU.ActiveCfg = Debug|Any CPU
		{4148BA19-A781-40D7-A0F9-9C0F120681F4}.Debug|Any CPU.Build.0 = Debug|Any CPU
		{4148BA19-A781-40D7-A0F9-9C0F120681F4}.Release|Any CPU.ActiveCfg = Release|Any CPU
		{4148BA19-A781-40D7-A0F9-9C0F120681F4}.Release|Any CPU.Build.0 = Release|Any CPU
		{5ABA137F-2A37-4C42-BA66-CAAB882EA4DA}.Debug|Any CPU.ActiveCfg = Debug|Any CPU
		{5ABA137F-2A37-4C42-BA66-CAAB882EA4DA}.Debug|Any CPU.Build.0 = Debug|Any CPU
		{5ABA137F-2A37-4C42-BA66-CAAB882EA4DA}.Release|Any CPU.ActiveCfg = Release|Any CPU
		{5ABA137F-2A37-4C42-BA66-CAAB882EA4DA}.Release|Any CPU.Build.0 = Release|Any CPU
	EndGlobalSection
	GlobalSection(SolutionProperties) = preSolution
		HideSolutionNode = FALSE
	EndGlobalSection
	GlobalSection(ExtensibilityGlobals) = postSolution
		SolutionGuid = {51031E2C-6419-4BA2-AAFF-94989B6E2D81}
	EndGlobalSection
EndGlobal
